{
  "version": 4,
  "terraform_version": "1.5.4",
  "serial": 93,
  "lineage": "600d8594-4fc8-1fd0-58cc-3327d90c44ec",
  "outputs": {
    "dbinstanceaddress": {
      "value": "dbinstance.cdctthvvyfeh.us-east-1.rds.amazonaws.com",
      "type": "string"
    },
    "ec2publicip": {
      "value": "34.234.66.185",
      "type": "string"
    },
    "lb_dns_name": {
      "value": "alb-1595175299.us-east-1.elb.amazonaws.com",
      "type": "string"
    }
  },
  "resources": [
    {
      "mode": "managed",
      "type": "aws_autoscaling_group",
      "name": "mygroup",
      "provider": "provider[\"registry.terraform.io/hashicorp/aws\"]",
      "instances": [
        {
          "schema_version": 0,
          "attributes": {
            "arn": "arn:aws:autoscaling:us-east-1:491410034693:autoScalingGroup:08c5a814-49e6-4071-965f-b3c29362ff69:autoScalingGroupName/autoscalegroup",
            "availability_zones": [
              "us-east-1a"
            ],
            "capacity_rebalance": false,
            "context": "",
            "default_cooldown": 300,
            "default_instance_warmup": 0,
            "desired_capacity": 2,
            "desired_capacity_type": "",
            "enabled_metrics": [],
            "force_delete": true,
            "force_delete_warm_pool": false,
            "health_check_grace_period": 100,
            "health_check_type": "EC2",
            "id": "autoscalegroup",
            "initial_lifecycle_hook": [],
            "instance_refresh": [],
            "launch_configuration": "web_config",
            "launch_template": [],
            "load_balancers": [],
            "max_instance_lifetime": 0,
            "max_size": 2,
            "metrics_granularity": "1Minute",
            "min_elb_capacity": null,
            "min_size": 1,
            "mixed_instances_policy": [],
            "name": "autoscalegroup",
            "name_prefix": "",
            "placement_group": "",
            "predicted_capacity": 0,
            "protect_from_scale_in": false,
            "service_linked_role_arn": "arn:aws:iam::491410034693:role/aws-service-role/autoscaling.amazonaws.com/AWSServiceRoleForAutoScaling",
            "suspended_processes": [],
            "tag": [],
            "tags": null,
            "target_group_arns": [],
            "termination_policies": [],
            "timeouts": null,
            "vpc_zone_identifier": [],
            "wait_for_capacity_timeout": "10m",
            "wait_for_elb_capacity": null,
            "warm_pool": [],
            "warm_pool_size": 0
          },
          "sensitive_attributes": [],
          "private": "eyJlMmJmYjczMC1lY2FhLTExZTYtOGY4OC0zNDM2M2JjN2M0YzAiOnsiZGVsZXRlIjo2MDAwMDAwMDAwMDAsInVwZGF0ZSI6NjAwMDAwMDAwMDAwfX0=",
          "dependencies": [
            "aws_launch_configuration.aws_autoscale_conf"
          ]
        }
      ]
    },
    {
      "mode": "managed",
      "type": "aws_autoscaling_policy",
      "name": "mygroup_policy",
      "provider": "provider[\"registry.terraform.io/hashicorp/aws\"]",
      "instances": [
        {
          "schema_version": 0,
          "attributes": {
            "adjustment_type": "ChangeInCapacity",
            "arn": "arn:aws:autoscaling:us-east-1:491410034693:scalingPolicy:ed5291bd-bafa-47c5-90f4-843df4aa02ff:autoScalingGroupName/autoscalegroup:policyName/autoscalegroup_policy",
            "autoscaling_group_name": "autoscalegroup",
            "cooldown": 300,
            "enabled": true,
            "estimated_instance_warmup": 0,
            "id": "autoscalegroup_policy",
            "metric_aggregation_type": "",
            "min_adjustment_magnitude": 0,
            "name": "autoscalegroup_policy",
            "policy_type": "SimpleScaling",
            "predictive_scaling_configuration": [],
            "scaling_adjustment": 2,
            "step_adjustment": [],
            "target_tracking_configuration": []
          },
          "sensitive_attributes": [],
          "private": "bnVsbA==",
          "dependencies": [
            "aws_autoscaling_group.mygroup",
            "aws_launch_configuration.aws_autoscale_conf"
          ]
        }
      ]
    },
    {
      "mode": "managed",
      "type": "aws_autoscaling_schedule",
      "name": "mygroup_schedule",
      "provider": "provider[\"registry.terraform.io/hashicorp/aws\"]",
      "instances": [
        {
          "schema_version": 0,
          "attributes": {
            "arn": "arn:aws:autoscaling:us-east-1:491410034693:scheduledUpdateGroupAction:0c7dd3a2-76f6-4995-af23-4810c9db5b2e:autoScalingGroupName/autoscalegroup:scheduledActionName/autoscalegroup_action",
            "autoscaling_group_name": "autoscalegroup",
            "desired_capacity": 1,
            "end_time": null,
            "id": "autoscalegroup_action",
            "max_size": 2,
            "min_size": 1,
            "recurrence": "",
            "scheduled_action_name": "autoscalegroup_action",
            "start_time": "2023-08-14T20:00:00Z",
            "time_zone": ""
          },
          "sensitive_attributes": [],
          "private": "bnVsbA==",
          "dependencies": [
            "aws_autoscaling_group.mygroup",
            "aws_launch_configuration.aws_autoscale_conf"
          ]
        }
      ]
    },
    {
      "mode": "managed",
      "type": "aws_cloudwatch_metric_alarm",
      "name": "web_cpu_alarm_up",
      "provider": "provider[\"registry.terraform.io/hashicorp/aws\"]",
      "instances": [
        {
          "schema_version": 1,
          "attributes": {
            "actions_enabled": true,
            "alarm_actions": [
              "arn:aws:autoscaling:us-east-1:491410034693:scalingPolicy:ed5291bd-bafa-47c5-90f4-843df4aa02ff:autoScalingGroupName/autoscalegroup:policyName/autoscalegroup_policy"
            ],
            "alarm_description": "",
            "alarm_name": "web_cpu_alarm_up",
            "arn": "arn:aws:cloudwatch:us-east-1:491410034693:alarm:web_cpu_alarm_up",
            "comparison_operator": "GreaterThanOrEqualToThreshold",
            "datapoints_to_alarm": 0,
            "dimensions": {
              "AutoScalingGroupName": "autoscalegroup"
            },
            "evaluate_low_sample_count_percentiles": "",
            "evaluation_periods": 2,
            "extended_statistic": "",
            "id": "web_cpu_alarm_up",
            "insufficient_data_actions": [],
            "metric_name": "CPUUtilization",
            "metric_query": [],
            "namespace": "AWS/EC2",
            "ok_actions": [],
            "period": 60,
            "statistic": "Average",
            "tags": {},
            "tags_all": {},
            "threshold": 10,
            "threshold_metric_id": "",
            "treat_missing_data": "missing",
            "unit": ""
          },
          "sensitive_attributes": [],
          "private": "eyJzY2hlbWFfdmVyc2lvbiI6IjEifQ==",
          "dependencies": [
            "aws_autoscaling_group.mygroup",
            "aws_autoscaling_policy.mygroup_policy",
            "aws_launch_configuration.aws_autoscale_conf"
          ]
        }
      ]
    },
    {
      "mode": "managed",
      "type": "aws_db_instance",
      "name": "dbinstance",
      "provider": "provider[\"registry.terraform.io/hashicorp/aws\"]",
      "instances": [
        {
          "schema_version": 1,
          "attributes": {
            "address": "dbinstance.cdctthvvyfeh.us-east-1.rds.amazonaws.com",
            "allocated_storage": 5,
            "allow_major_version_upgrade": null,
            "apply_immediately": false,
            "arn": "arn:aws:rds:us-east-1:491410034693:db:dbinstance",
            "auto_minor_version_upgrade": true,
            "availability_zone": "us-east-1b",
            "backup_retention_period": 0,
            "backup_window": "07:03-07:33",
            "blue_green_update": [],
            "ca_cert_identifier": "rds-ca-2019",
            "character_set_name": "",
            "copy_tags_to_snapshot": false,
            "custom_iam_instance_profile": "",
            "customer_owned_ip_enabled": false,
            "db_name": "db",
            "db_subnet_group_name": "dbsubnet",
            "delete_automated_backups": true,
            "deletion_protection": false,
            "domain": "",
            "domain_iam_role_name": "",
            "enabled_cloudwatch_logs_exports": [],
            "endpoint": "dbinstance.cdctthvvyfeh.us-east-1.rds.amazonaws.com:3306",
            "engine": "mysql",
            "engine_version": "5.7",
            "engine_version_actual": "5.7.42",
            "final_snapshot_identifier": null,
            "hosted_zone_id": "Z2R2ITUGPM61AM",
            "iam_database_authentication_enabled": false,
            "id": "dbinstance",
            "identifier": "dbinstance",
            "identifier_prefix": "",
            "instance_class": "db.t2.micro",
            "iops": 0,
            "kms_key_id": "",
            "latest_restorable_time": "",
            "license_model": "general-public-license",
            "listener_endpoint": [],
            "maintenance_window": "sat:04:47-sat:05:17",
            "manage_master_user_password": null,
            "master_user_secret": [],
            "master_user_secret_kms_key_id": null,
            "max_allocated_storage": 0,
            "monitoring_interval": 0,
            "monitoring_role_arn": "",
            "multi_az": false,
            "name": "db",
            "nchar_character_set_name": "",
            "network_type": "IPV4",
            "option_group_name": "default:mysql-5-7",
            "parameter_group_name": "default.mysql5.7",
            "password": "password",
            "performance_insights_enabled": false,
            "performance_insights_kms_key_id": "",
            "performance_insights_retention_period": 0,
            "port": 3306,
            "publicly_accessible": false,
            "replica_mode": "",
            "replicas": [],
            "replicate_source_db": "",
            "resource_id": "db-MVEIRGXGN2HPMBXSYRAKAOIJ7Q",
            "restore_to_point_in_time": [],
            "s3_import": [],
            "security_group_names": [],
            "skip_final_snapshot": true,
            "snapshot_identifier": null,
            "status": "available",
            "storage_encrypted": false,
            "storage_throughput": 0,
            "storage_type": "gp2",
            "tags": {},
            "tags_all": {},
            "timeouts": null,
            "timezone": "",
            "username": "admin",
            "vpc_security_group_ids": [
              "sg-065b42c763e5eb554"
            ]
          },
          "sensitive_attributes": [],
          "private": "eyJlMmJmYjczMC1lY2FhLTExZTYtOGY4OC0zNDM2M2JjN2M0YzAiOnsiY3JlYXRlIjoyNDAwMDAwMDAwMDAwLCJkZWxldGUiOjM2MDAwMDAwMDAwMDAsInVwZGF0ZSI6NDgwMDAwMDAwMDAwMH0sInNjaGVtYV92ZXJzaW9uIjoiMSJ9",
          "dependencies": [
            "aws_db_subnet_group.dbsubnet",
            "aws_security_group.privatesg",
            "aws_security_group.publicsg",
            "aws_subnet.private1",
            "aws_subnet.private2",
            "aws_vpc.vpc"
          ]
        }
      ]
    },
    {
      "mode": "managed",
      "type": "aws_db_subnet_group",
      "name": "dbsubnet",
      "provider": "provider[\"registry.terraform.io/hashicorp/aws\"]",
      "instances": [
        {
          "schema_version": 0,
          "attributes": {
            "arn": "arn:aws:rds:us-east-1:491410034693:subgrp:dbsubnet",
            "description": "Managed by Terraform",
            "id": "dbsubnet",
            "name": "dbsubnet",
            "name_prefix": "",
            "subnet_ids": [
              "subnet-01edc0ef5e5965ce2",
              "subnet-088899a9fbed0e949"
            ],
            "supported_network_types": [
              "IPV4"
            ],
            "tags": {},
            "tags_all": {},
            "vpc_id": "vpc-0c5d07896944c714c"
          },
          "sensitive_attributes": [],
          "private": "bnVsbA==",
          "dependencies": [
            "aws_subnet.private1",
            "aws_subnet.private2",
            "aws_vpc.vpc"
          ]
        }
      ]
    },
    {
      "mode": "managed",
      "type": "aws_instance",
      "name": "instance1",
      "provider": "provider[\"registry.terraform.io/hashicorp/aws\"]",
      "instances": [
        {
          "schema_version": 1,
          "attributes": {
            "ami": "ami-0b0dcb5067f052a63",
            "arn": "arn:aws:ec2:us-east-1:491410034693:instance/i-08f8daf4eca61b5f5",
            "associate_public_ip_address": true,
            "availability_zone": "us-east-1a",
            "capacity_reservation_specification": [
              {
                "capacity_reservation_preference": "open",
                "capacity_reservation_target": []
              }
            ],
            "cpu_core_count": 1,
            "cpu_options": [
              {
                "amd_sev_snp": "",
                "core_count": 1,
                "threads_per_core": 1
              }
            ],
            "cpu_threads_per_core": 1,
            "credit_specification": [
              {
                "cpu_credits": "standard"
              }
            ],
            "disable_api_stop": false,
            "disable_api_termination": false,
            "ebs_block_device": [],
            "ebs_optimized": false,
            "enclave_options": [
              {
                "enabled": false
              }
            ],
            "ephemeral_block_device": [],
            "get_password_data": false,
            "hibernation": false,
            "host_id": "",
            "host_resource_group_arn": null,
            "iam_instance_profile": "",
            "id": "i-08f8daf4eca61b5f5",
            "instance_initiated_shutdown_behavior": "stop",
            "instance_state": "running",
            "instance_type": "t2.micro",
            "ipv6_address_count": 0,
            "ipv6_addresses": [],
            "key_name": "tf_key",
            "launch_template": [],
            "maintenance_options": [
              {
                "auto_recovery": "default"
              }
            ],
            "metadata_options": [
              {
                "http_endpoint": "enabled",
                "http_put_response_hop_limit": 1,
                "http_tokens": "optional",
                "instance_metadata_tags": "disabled"
              }
            ],
            "monitoring": false,
            "network_interface": [],
            "outpost_arn": "",
            "password_data": "",
            "placement_group": "",
            "placement_partition_number": 0,
            "primary_network_interface_id": "eni-0e3afdcf18a3e8e53",
            "private_dns": "ip-10-0-1-144.ec2.internal",
            "private_dns_name_options": [
              {
                "enable_resource_name_dns_a_record": false,
                "enable_resource_name_dns_aaaa_record": false,
                "hostname_type": "ip-name"
              }
            ],
            "private_ip": "10.0.1.144",
            "public_dns": "",
            "public_ip": "34.234.66.185",
            "root_block_device": [
              {
                "delete_on_termination": true,
                "device_name": "/dev/xvda",
                "encrypted": false,
                "iops": 100,
                "kms_key_id": "",
                "tags": {},
                "throughput": 0,
                "volume_id": "vol-0d7453e4cf241d97a",
                "volume_size": 8,
                "volume_type": "gp2"
              }
            ],
            "secondary_private_ips": [],
            "security_groups": [],
            "source_dest_check": true,
            "subnet_id": "subnet-09f63a753fb70cf6a",
            "tags": {
              "Name": "ec2instance1"
            },
            "tags_all": {
              "Name": "ec2instance1"
            },
            "tenancy": "default",
            "timeouts": null,
            "user_data": "9378474686d19a97553fb38024806c863e70cc25",
            "user_data_base64": null,
            "user_data_replace_on_change": false,
            "volume_tags": null,
            "vpc_security_group_ids": [
              "sg-03033e97360645494"
            ]
          },
          "sensitive_attributes": [],
          "private": "eyJlMmJmYjczMC1lY2FhLTExZTYtOGY4OC0zNDM2M2JjN2M0YzAiOnsiY3JlYXRlIjo2MDAwMDAwMDAwMDAsImRlbGV0ZSI6MTIwMDAwMDAwMDAwMCwidXBkYXRlIjo2MDAwMDAwMDAwMDB9LCJzY2hlbWFfdmVyc2lvbiI6IjEifQ==",
          "dependencies": [
            "aws_security_group.publicsg",
            "aws_subnet.public1",
            "aws_vpc.vpc"
          ]
        }
      ]
    },
    {
      "mode": "managed",
      "type": "aws_instance",
      "name": "instance2",
      "provider": "provider[\"registry.terraform.io/hashicorp/aws\"]",
      "instances": [
        {
          "schema_version": 1,
          "attributes": {
            "ami": "ami-0b0dcb5067f052a63",
            "arn": "arn:aws:ec2:us-east-1:491410034693:instance/i-00dfa5129b4fd634d",
            "associate_public_ip_address": true,
            "availability_zone": "us-east-1b",
            "capacity_reservation_specification": [
              {
                "capacity_reservation_preference": "open",
                "capacity_reservation_target": []
              }
            ],
            "cpu_core_count": 1,
            "cpu_options": [
              {
                "amd_sev_snp": "",
                "core_count": 1,
                "threads_per_core": 1
              }
            ],
            "cpu_threads_per_core": 1,
            "credit_specification": [
              {
                "cpu_credits": "standard"
              }
            ],
            "disable_api_stop": false,
            "disable_api_termination": false,
            "ebs_block_device": [],
            "ebs_optimized": false,
            "enclave_options": [
              {
                "enabled": false
              }
            ],
            "ephemeral_block_device": [],
            "get_password_data": false,
            "hibernation": false,
            "host_id": "",
            "host_resource_group_arn": null,
            "iam_instance_profile": "",
            "id": "i-00dfa5129b4fd634d",
            "instance_initiated_shutdown_behavior": "stop",
            "instance_state": "running",
            "instance_type": "t2.micro",
            "ipv6_address_count": 0,
            "ipv6_addresses": [],
            "key_name": "tf_key",
            "launch_template": [],
            "maintenance_options": [
              {
                "auto_recovery": "default"
              }
            ],
            "metadata_options": [
              {
                "http_endpoint": "enabled",
                "http_put_response_hop_limit": 1,
                "http_tokens": "optional",
                "instance_metadata_tags": "disabled"
              }
            ],
            "monitoring": false,
            "network_interface": [],
            "outpost_arn": "",
            "password_data": "",
            "placement_group": "",
            "placement_partition_number": 0,
            "primary_network_interface_id": "eni-0bc4e2eb1819ff4d6",
            "private_dns": "ip-10-0-2-209.ec2.internal",
            "private_dns_name_options": [
              {
                "enable_resource_name_dns_a_record": false,
                "enable_resource_name_dns_aaaa_record": false,
                "hostname_type": "ip-name"
              }
            ],
            "private_ip": "10.0.2.209",
            "public_dns": "",
            "public_ip": "107.23.219.110",
            "root_block_device": [
              {
                "delete_on_termination": true,
                "device_name": "/dev/xvda",
                "encrypted": false,
                "iops": 100,
                "kms_key_id": "",
                "tags": {},
                "throughput": 0,
                "volume_id": "vol-057e77fb0246b381e",
                "volume_size": 8,
                "volume_type": "gp2"
              }
            ],
            "secondary_private_ips": [],
            "security_groups": [],
            "source_dest_check": true,
            "subnet_id": "subnet-0f9f9dded9855afdb",
            "tags": {
              "Name": "ec2instance2"
            },
            "tags_all": {
              "Name": "ec2instance2"
            },
            "tenancy": "default",
            "timeouts": null,
            "user_data": "88abdc26b099a354d70cab7f606033b035f1edf1",
            "user_data_base64": null,
            "user_data_replace_on_change": false,
            "volume_tags": null,
            "vpc_security_group_ids": [
              "sg-03033e97360645494"
            ]
          },
          "sensitive_attributes": [],
          "private": "eyJlMmJmYjczMC1lY2FhLTExZTYtOGY4OC0zNDM2M2JjN2M0YzAiOnsiY3JlYXRlIjo2MDAwMDAwMDAwMDAsImRlbGV0ZSI6MTIwMDAwMDAwMDAwMCwidXBkYXRlIjo2MDAwMDAwMDAwMDB9LCJzY2hlbWFfdmVyc2lvbiI6IjEifQ==",
          "dependencies": [
            "aws_security_group.publicsg",
            "aws_subnet.public2",
            "aws_vpc.vpc"
          ]
        }
      ]
    },
    {
      "mode": "managed",
      "type": "aws_internet_gateway",
      "name": "ig",
      "provider": "provider[\"registry.terraform.io/hashicorp/aws\"]",
      "instances": [
        {
          "schema_version": 0,
          "attributes": {
            "arn": "arn:aws:ec2:us-east-1:491410034693:internet-gateway/igw-019a209d642fcf889",
            "id": "igw-019a209d642fcf889",
            "owner_id": "491410034693",
            "tags": {
              "Name": "ig-project"
            },
            "tags_all": {
              "Name": "ig-project"
            },
            "timeouts": null,
            "vpc_id": "vpc-0c5d07896944c714c"
          },
          "sensitive_attributes": [],
          "private": "eyJlMmJmYjczMC1lY2FhLTExZTYtOGY4OC0zNDM2M2JjN2M0YzAiOnsiY3JlYXRlIjoxMjAwMDAwMDAwMDAwLCJkZWxldGUiOjEyMDAwMDAwMDAwMDAsInVwZGF0ZSI6MTIwMDAwMDAwMDAwMH19",
          "dependencies": [
            "aws_vpc.vpc"
          ]
        }
      ]
    },
    {
      "mode": "managed",
      "type": "aws_key_pair",
      "name": "tf_key",
      "provider": "provider[\"registry.terraform.io/hashicorp/aws\"]",
      "instances": [
        {
          "schema_version": 1,
          "attributes": {
            "arn": "arn:aws:ec2:us-east-1:491410034693:key-pair/tf_key",
            "fingerprint": "ae:f4:eb:44:c8:24:dc:b6:85:13:25:a0:4f:cc:69:31",
            "id": "tf_key",
            "key_name": "tf_key",
            "key_name_prefix": "",
            "key_pair_id": "key-0e3159871ccb9a7be",
            "key_type": "rsa",
            "public_key": "ssh-rsa AAAAB3NzaC1yc2EAAAADAQABAAACAQC9kP4W4rOv3Y5Iui/irIvoXkQ9w61U9+KGATBnmK3rlj3pVuoCkUM0nzNBiouzT9tMhqGArhOOvRJm6oQNersiYe88ITFljKj9fTrAhLf1o/En97GjN5/mjNJC9jvx8LaEpX4W3L2XqCqpmxqDXXwUmHEGUKsdVXJr59kxWjToLV884wVG/2n3Xm2H9Dfhrz1pVLS1Xfj6vk7NpNHE+lY34iXRO54T2oix40qHQz4waawiayUI9Ca1xTSVvbIs4bvi1tTn48t7AQbSyanJSs4m8TMV2k4qvf3SfO65Na0Myi5yrjR8DNfpX0c2HkW+lgO7nKAhX+DQe7t4kMQcpfiKRv89O91oj81aOz+FPSFFN4JPMtqEGZikwyjfngA8UJ5bCV8f7wlNmVLT41yzjZZkgr9U56a0v/vv02F4QZ8VpRNiVM2T2rxlQPKBzVMXpzbeU+zlVCCNEb1F3M3Z0zRPGXzeC4jRuFCe+hsA7hX/FztK20y+HF52TatngJBLvjmOKDdTBovc6nIpFiCN0bSVMUcelGdzZj1pZgT4ijj6v+CIrfxCCqmvexP6GiWHO/QyECrWAIv6HFNVs3UvRq8c62Vz6EEpYBTugmlFROmbp3DeTZF+38Uix81aohpiZ+2CLen3s+D1p1lBCz5vYSzRg/TqhAU2TUOwFVzVg5e3ZQ==",
            "tags": {},
            "tags_all": {}
          },
          "sensitive_attributes": [],
          "private": "eyJzY2hlbWFfdmVyc2lvbiI6IjEifQ==",
          "dependencies": [
            "tls_private_key.rsa"
          ]
        }
      ]
    },
    {
      "mode": "managed",
      "type": "aws_launch_configuration",
      "name": "aws_autoscale_conf",
      "provider": "provider[\"registry.terraform.io/hashicorp/aws\"]",
      "instances": [
        {
          "schema_version": 0,
          "attributes": {
            "arn": "arn:aws:autoscaling:us-east-1:491410034693:launchConfiguration:75571f51-7973-42c2-942f-1177fcdbd038:launchConfigurationName/web_config",
            "associate_public_ip_address": false,
            "ebs_block_device": [],
            "ebs_optimized": false,
            "enable_monitoring": true,
            "ephemeral_block_device": [],
            "iam_instance_profile": "",
            "id": "web_config",
            "image_id": "ami-08a52ddb321b32a8c",
            "instance_type": "t2.micro",
            "key_name": "tf_key",
            "metadata_options": [],
            "name": "web_config",
            "name_prefix": "",
            "placement_tenancy": "",
            "root_block_device": [],
            "security_groups": [],
            "spot_price": "",
            "user_data": null,
            "user_data_base64": null,
            "vpc_classic_link_id": "",
            "vpc_classic_link_security_groups": []
          },
          "sensitive_attributes": [],
          "private": "bnVsbA=="
        }
      ]
    },
    {
      "mode": "managed",
      "type": "aws_lb",
      "name": "alb",
      "provider": "provider[\"registry.terraform.io/hashicorp/aws\"]",
      "instances": [
        {
          "schema_version": 0,
          "attributes": {
            "access_logs": [
              {
                "bucket": "",
                "enabled": false,
                "prefix": ""
              }
            ],
            "arn": "arn:aws:elasticloadbalancing:us-east-1:491410034693:loadbalancer/app/alb/40d98caf8acda8f8",
            "arn_suffix": "app/alb/40d98caf8acda8f8",
            "customer_owned_ipv4_pool": "",
            "desync_mitigation_mode": "defensive",
            "dns_name": "alb-1595175299.us-east-1.elb.amazonaws.com",
            "drop_invalid_header_fields": false,
            "enable_cross_zone_load_balancing": true,
            "enable_deletion_protection": false,
            "enable_http2": true,
            "enable_tls_version_and_cipher_suite_headers": false,
            "enable_waf_fail_open": false,
            "enable_xff_client_port": false,
            "id": "arn:aws:elasticloadbalancing:us-east-1:491410034693:loadbalancer/app/alb/40d98caf8acda8f8",
            "idle_timeout": 60,
            "internal": false,
            "ip_address_type": "ipv4",
            "load_balancer_type": "application",
            "name": "alb",
            "name_prefix": null,
            "preserve_host_header": false,
            "security_groups": [
              "sg-09db88719ff8cc40e"
            ],
            "subnet_mapping": [
              {
                "allocation_id": "",
                "ipv6_address": "",
                "outpost_id": "",
                "private_ipv4_address": "",
                "subnet_id": "subnet-09f63a753fb70cf6a"
              },
              {
                "allocation_id": "",
                "ipv6_address": "",
                "outpost_id": "",
                "private_ipv4_address": "",
                "subnet_id": "subnet-0f9f9dded9855afdb"
              }
            ],
            "subnets": [
              "subnet-09f63a753fb70cf6a",
              "subnet-0f9f9dded9855afdb"
            ],
            "tags": {},
            "tags_all": {},
            "timeouts": null,
            "vpc_id": "vpc-0c5d07896944c714c",
            "xff_header_processing_mode": "append",
            "zone_id": "Z35SXDOTRQ7X7K"
          },
          "sensitive_attributes": [],
          "private": "eyJlMmJmYjczMC1lY2FhLTExZTYtOGY4OC0zNDM2M2JjN2M0YzAiOnsiY3JlYXRlIjo2MDAwMDAwMDAwMDAsImRlbGV0ZSI6NjAwMDAwMDAwMDAwLCJ1cGRhdGUiOjYwMDAwMDAwMDAwMH19",
          "dependencies": [
            "aws_security_group.albsg",
            "aws_subnet.public1",
            "aws_subnet.public2",
            "aws_vpc.vpc"
          ]
        }
      ]
    },
    {
      "mode": "managed",
      "type": "aws_lb_listener",
      "name": "lblisten",
      "provider": "provider[\"registry.terraform.io/hashicorp/aws\"]",
      "instances": [
        {
          "schema_version": 0,
          "attributes": {
            "alpn_policy": null,
            "arn": "arn:aws:elasticloadbalancing:us-east-1:491410034693:listener/app/alb/40d98caf8acda8f8/90bdcb2c24e693a3",
            "certificate_arn": null,
            "default_action": [
              {
                "authenticate_cognito": [],
                "authenticate_oidc": [],
                "fixed_response": [],
                "forward": [],
                "order": 1,
                "redirect": [],
                "target_group_arn": "arn:aws:elasticloadbalancing:us-east-1:491410034693:targetgroup/albtg/152b1ae4424012c1",
                "type": "forward"
              }
            ],
            "id": "arn:aws:elasticloadbalancing:us-east-1:491410034693:listener/app/alb/40d98caf8acda8f8/90bdcb2c24e693a3",
            "load_balancer_arn": "arn:aws:elasticloadbalancing:us-east-1:491410034693:loadbalancer/app/alb/40d98caf8acda8f8",
            "port": 80,
            "protocol": "HTTP",
            "ssl_policy": "",
            "tags": {},
            "tags_all": {},
            "timeouts": null
          },
          "sensitive_attributes": [],
          "private": "eyJlMmJmYjczMC1lY2FhLTExZTYtOGY4OC0zNDM2M2JjN2M0YzAiOnsicmVhZCI6NjAwMDAwMDAwMDAwfX0=",
          "dependencies": [
            "aws_lb.alb",
            "aws_lb_target_group.albtg",
            "aws_security_group.albsg",
            "aws_subnet.public1",
            "aws_subnet.public2",
            "aws_vpc.vpc"
          ]
        }
      ]
    },
    {
      "mode": "managed",
      "type": "aws_lb_target_group",
      "name": "albtg",
      "provider": "provider[\"registry.terraform.io/hashicorp/aws\"]",
      "instances": [
        {
          "schema_version": 0,
          "attributes": {
            "arn": "arn:aws:elasticloadbalancing:us-east-1:491410034693:targetgroup/albtg/152b1ae4424012c1",
            "arn_suffix": "targetgroup/albtg/152b1ae4424012c1",
            "connection_termination": false,
            "deregistration_delay": "300",
            "health_check": [
              {
                "enabled": true,
                "healthy_threshold": 5,
                "interval": 30,
                "matcher": "200",
                "path": "/",
                "port": "traffic-port",
                "protocol": "HTTP",
                "timeout": 5,
                "unhealthy_threshold": 2
              }
            ],
            "id": "arn:aws:elasticloadbalancing:us-east-1:491410034693:targetgroup/albtg/152b1ae4424012c1",
            "ip_address_type": "ipv4",
            "lambda_multi_value_headers_enabled": false,
            "load_balancing_algorithm_type": "round_robin",
            "load_balancing_cross_zone_enabled": "use_load_balancer_configuration",
            "name": "albtg",
            "name_prefix": null,
            "port": 80,
            "preserve_client_ip": null,
            "protocol": "HTTP",
            "protocol_version": "HTTP1",
            "proxy_protocol_v2": false,
            "slow_start": 0,
            "stickiness": [
              {
                "cookie_duration": 86400,
                "cookie_name": "",
                "enabled": false,
                "type": "lb_cookie"
              }
            ],
            "tags": {},
            "tags_all": {},
            "target_failover": [
              {
                "on_deregistration": null,
                "on_unhealthy": null
              }
            ],
            "target_type": "instance",
            "vpc_id": "vpc-0c5d07896944c714c"
          },
          "sensitive_attributes": [],
          "private": "bnVsbA==",
          "dependencies": [
            "aws_vpc.vpc"
          ]
        }
      ]
    },
    {
      "mode": "managed",
      "type": "aws_lb_target_group_attachment",
      "name": "tgattach1",
      "provider": "provider[\"registry.terraform.io/hashicorp/aws\"]",
      "instances": [
        {
          "schema_version": 0,
          "attributes": {
            "availability_zone": null,
            "id": "arn:aws:elasticloadbalancing:us-east-1:491410034693:targetgroup/albtg/152b1ae4424012c1-20230814131504136700000003",
            "port": 80,
            "target_group_arn": "arn:aws:elasticloadbalancing:us-east-1:491410034693:targetgroup/albtg/152b1ae4424012c1",
            "target_id": "i-08f8daf4eca61b5f5"
          },
          "sensitive_attributes": [],
          "private": "bnVsbA==",
          "dependencies": [
            "aws_instance.instance1",
            "aws_lb_target_group.albtg",
            "aws_security_group.publicsg",
            "aws_subnet.public1",
            "aws_vpc.vpc"
          ]
        }
      ]
    },
    {
      "mode": "managed",
      "type": "aws_lb_target_group_attachment",
      "name": "tgattach2",
      "provider": "provider[\"registry.terraform.io/hashicorp/aws\"]",
      "instances": [
        {
          "schema_version": 0,
          "attributes": {
            "availability_zone": null,
            "id": "arn:aws:elasticloadbalancing:us-east-1:491410034693:targetgroup/albtg/152b1ae4424012c1-20230814131525034400000004",
            "port": 80,
            "target_group_arn": "arn:aws:elasticloadbalancing:us-east-1:491410034693:targetgroup/albtg/152b1ae4424012c1",
            "target_id": "i-00dfa5129b4fd634d"
          },
          "sensitive_attributes": [],
          "private": "bnVsbA==",
          "dependencies": [
            "aws_instance.instance2",
            "aws_lb_target_group.albtg",
            "aws_security_group.publicsg",
            "aws_subnet.public2",
            "aws_vpc.vpc"
          ]
        }
      ]
    },
    {
      "mode": "managed",
      "type": "aws_route_table",
      "name": "rt",
      "provider": "provider[\"registry.terraform.io/hashicorp/aws\"]",
      "instances": [
        {
          "schema_version": 0,
          "attributes": {
            "arn": "arn:aws:ec2:us-east-1:491410034693:route-table/rtb-00980f965c1351956",
            "id": "rtb-00980f965c1351956",
            "owner_id": "491410034693",
            "propagating_vgws": [],
            "route": [
              {
                "carrier_gateway_id": "",
                "cidr_block": "0.0.0.0/0",
                "core_network_arn": "",
                "destination_prefix_list_id": "",
                "egress_only_gateway_id": "",
                "gateway_id": "igw-019a209d642fcf889",
                "instance_id": "",
                "ipv6_cidr_block": "",
                "local_gateway_id": "",
                "nat_gateway_id": "",
                "network_interface_id": "",
                "transit_gateway_id": "",
                "vpc_endpoint_id": "",
                "vpc_peering_connection_id": ""
              }
            ],
            "tags": {
              "Name": "routetable"
            },
            "tags_all": {
              "Name": "routetable"
            },
            "timeouts": null,
            "vpc_id": "vpc-0c5d07896944c714c"
          },
          "sensitive_attributes": [],
          "private": "eyJlMmJmYjczMC1lY2FhLTExZTYtOGY4OC0zNDM2M2JjN2M0YzAiOnsiY3JlYXRlIjozMDAwMDAwMDAwMDAsImRlbGV0ZSI6MzAwMDAwMDAwMDAwLCJ1cGRhdGUiOjEyMDAwMDAwMDAwMH19",
          "dependencies": [
            "aws_internet_gateway.ig",
            "aws_vpc.vpc"
          ]
        }
      ]
    },
    {
      "mode": "managed",
      "type": "aws_route_table_association",
      "name": "route1",
      "provider": "provider[\"registry.terraform.io/hashicorp/aws\"]",
      "instances": [
        {
          "schema_version": 0,
          "attributes": {
            "gateway_id": "",
            "id": "rtbassoc-04551eca161129d12",
            "route_table_id": "rtb-00980f965c1351956",
            "subnet_id": "subnet-09f63a753fb70cf6a",
            "timeouts": null
          },
          "sensitive_attributes": [],
          "private": "eyJlMmJmYjczMC1lY2FhLTExZTYtOGY4OC0zNDM2M2JjN2M0YzAiOnsiY3JlYXRlIjozMDAwMDAwMDAwMDAsImRlbGV0ZSI6MzAwMDAwMDAwMDAwLCJ1cGRhdGUiOjEyMDAwMDAwMDAwMH19",
          "dependencies": [
            "aws_internet_gateway.ig",
            "aws_route_table.rt",
            "aws_subnet.public1",
            "aws_vpc.vpc"
          ]
        }
      ]
    },
    {
      "mode": "managed",
      "type": "aws_route_table_association",
      "name": "route2",
      "provider": "provider[\"registry.terraform.io/hashicorp/aws\"]",
      "instances": [
        {
          "schema_version": 0,
          "attributes": {
            "gateway_id": "",
            "id": "rtbassoc-066a242872e27b0c9",
            "route_table_id": "rtb-00980f965c1351956",
            "subnet_id": "subnet-0f9f9dded9855afdb",
            "timeouts": null
          },
          "sensitive_attributes": [],
          "private": "eyJlMmJmYjczMC1lY2FhLTExZTYtOGY4OC0zNDM2M2JjN2M0YzAiOnsiY3JlYXRlIjozMDAwMDAwMDAwMDAsImRlbGV0ZSI6MzAwMDAwMDAwMDAwLCJ1cGRhdGUiOjEyMDAwMDAwMDAwMH19",
          "dependencies": [
            "aws_internet_gateway.ig",
            "aws_route_table.rt",
            "aws_subnet.public2",
            "aws_vpc.vpc"
          ]
        }
      ]
    },
    {
      "mode": "managed",
      "type": "aws_security_group",
      "name": "albsg",
      "provider": "provider[\"registry.terraform.io/hashicorp/aws\"]",
      "instances": [
        {
          "schema_version": 1,
          "attributes": {
            "arn": "arn:aws:ec2:us-east-1:491410034693:security-group/sg-09db88719ff8cc40e",
            "description": "ALB Security Group",
            "egress": [
              {
                "cidr_blocks": [
                  "0.0.0.0/0"
                ],
                "description": "",
                "from_port": 0,
                "ipv6_cidr_blocks": [],
                "prefix_list_ids": [],
                "protocol": "-1",
                "security_groups": [],
                "self": false,
                "to_port": 0
              }
            ],
            "id": "sg-09db88719ff8cc40e",
            "ingress": [
              {
                "cidr_blocks": [
                  "0.0.0.0/0"
                ],
                "description": "",
                "from_port": 0,
                "ipv6_cidr_blocks": [],
                "prefix_list_ids": [],
                "protocol": "-1",
                "security_groups": [],
                "self": false,
                "to_port": 0
              }
            ],
            "name": "albsg",
            "name_prefix": "",
            "owner_id": "491410034693",
            "revoke_rules_on_delete": false,
            "tags": {},
            "tags_all": {},
            "timeouts": null,
            "vpc_id": "vpc-0c5d07896944c714c"
          },
          "sensitive_attributes": [],
          "private": "eyJlMmJmYjczMC1lY2FhLTExZTYtOGY4OC0zNDM2M2JjN2M0YzAiOnsiY3JlYXRlIjo2MDAwMDAwMDAwMDAsImRlbGV0ZSI6OTAwMDAwMDAwMDAwfSwic2NoZW1hX3ZlcnNpb24iOiIxIn0=",
          "dependencies": [
            "aws_vpc.vpc"
          ]
        }
      ]
    },
    {
      "mode": "managed",
      "type": "aws_security_group",
      "name": "asg-sg",
      "provider": "provider[\"registry.terraform.io/hashicorp/aws\"]",
      "instances": [
        {
          "schema_version": 1,
          "attributes": {
            "arn": "arn:aws:ec2:us-east-1:491410034693:security-group/sg-0bae778138b7bb363",
            "description": "ASG Security Group",
            "egress": [
              {
                "cidr_blocks": [
                  "0.0.0.0/0"
                ],
                "description": "",
                "from_port": 0,
                "ipv6_cidr_blocks": [],
                "prefix_list_ids": [],
                "protocol": "-1",
                "security_groups": [],
                "self": false,
                "to_port": 0
              }
            ],
            "id": "sg-0bae778138b7bb363",
            "ingress": [
              {
                "cidr_blocks": [
                  "0.0.0.0/0"
                ],
                "description": "",
                "from_port": 0,
                "ipv6_cidr_blocks": [],
                "prefix_list_ids": [],
                "protocol": "-1",
                "security_groups": [],
                "self": false,
                "to_port": 0
              }
            ],
            "name": "example-security-group",
            "name_prefix": "",
            "owner_id": "491410034693",
            "revoke_rules_on_delete": false,
            "tags": {},
            "tags_all": {},
            "timeouts": null,
            "vpc_id": "vpc-0c5d07896944c714c"
          },
          "sensitive_attributes": [],
          "private": "eyJlMmJmYjczMC1lY2FhLTExZTYtOGY4OC0zNDM2M2JjN2M0YzAiOnsiY3JlYXRlIjo2MDAwMDAwMDAwMDAsImRlbGV0ZSI6OTAwMDAwMDAwMDAwfSwic2NoZW1hX3ZlcnNpb24iOiIxIn0=",
          "dependencies": [
            "aws_vpc.vpc"
          ]
        }
      ]
    },
    {
      "mode": "managed",
      "type": "aws_security_group",
      "name": "privatesg",
      "provider": "provider[\"registry.terraform.io/hashicorp/aws\"]",
      "instances": [
        {
          "schema_version": 1,
          "attributes": {
            "arn": "arn:aws:ec2:us-east-1:491410034693:security-group/sg-065b42c763e5eb554",
            "description": "Allow traffic",
            "egress": [
              {
                "cidr_blocks": [
                  "0.0.0.0/0"
                ],
                "description": "",
                "from_port": 0,
                "ipv6_cidr_blocks": [],
                "prefix_list_ids": [],
                "protocol": "-1",
                "security_groups": [],
                "self": false,
                "to_port": 0
              }
            ],
            "id": "sg-065b42c763e5eb554",
            "ingress": [
              {
                "cidr_blocks": [
                  "0.0.0.0/0"
                ],
                "description": "",
                "from_port": 22,
                "ipv6_cidr_blocks": [],
                "prefix_list_ids": [],
                "protocol": "tcp",
                "security_groups": [],
                "self": false,
                "to_port": 22
              },
              {
                "cidr_blocks": [
                  "10.0.0.0/16"
                ],
                "description": "",
                "from_port": 3306,
                "ipv6_cidr_blocks": [],
                "prefix_list_ids": [],
                "protocol": "tcp",
                "security_groups": [
                  "sg-03033e97360645494"
                ],
                "self": false,
                "to_port": 3306
              }
            ],
            "name": "privatesg",
            "name_prefix": "",
            "owner_id": "491410034693",
            "revoke_rules_on_delete": false,
            "tags": {},
            "tags_all": {},
            "timeouts": null,
            "vpc_id": "vpc-0c5d07896944c714c"
          },
          "sensitive_attributes": [],
          "private": "eyJlMmJmYjczMC1lY2FhLTExZTYtOGY4OC0zNDM2M2JjN2M0YzAiOnsiY3JlYXRlIjo2MDAwMDAwMDAwMDAsImRlbGV0ZSI6OTAwMDAwMDAwMDAwfSwic2NoZW1hX3ZlcnNpb24iOiIxIn0=",
          "dependencies": [
            "aws_security_group.publicsg",
            "aws_vpc.vpc"
          ]
        }
      ]
    },
    {
      "mode": "managed",
      "type": "aws_security_group",
      "name": "publicsg",
      "provider": "provider[\"registry.terraform.io/hashicorp/aws\"]",
      "instances": [
        {
          "schema_version": 1,
          "attributes": {
            "arn": "arn:aws:ec2:us-east-1:491410034693:security-group/sg-03033e97360645494",
            "description": "Allow traffic",
            "egress": [
              {
                "cidr_blocks": [
                  "0.0.0.0/0"
                ],
                "description": "",
                "from_port": 0,
                "ipv6_cidr_blocks": [],
                "prefix_list_ids": [],
                "protocol": "-1",
                "security_groups": [],
                "self": false,
                "to_port": 0
              }
            ],
            "id": "sg-03033e97360645494",
            "ingress": [
              {
                "cidr_blocks": [
                  "0.0.0.0/0"
                ],
                "description": "",
                "from_port": 22,
                "ipv6_cidr_blocks": [],
                "prefix_list_ids": [],
                "protocol": "tcp",
                "security_groups": [],
                "self": false,
                "to_port": 22
              },
              {
                "cidr_blocks": [
                  "0.0.0.0/0"
                ],
                "description": "",
                "from_port": 80,
                "ipv6_cidr_blocks": [],
                "prefix_list_ids": [],
                "protocol": "tcp",
                "security_groups": [],
                "self": false,
                "to_port": 80
              }
            ],
            "name": "publicsg",
            "name_prefix": "",
            "owner_id": "491410034693",
            "revoke_rules_on_delete": false,
            "tags": {},
            "tags_all": {},
            "timeouts": null,
            "vpc_id": "vpc-0c5d07896944c714c"
          },
          "sensitive_attributes": [],
          "private": "eyJlMmJmYjczMC1lY2FhLTExZTYtOGY4OC0zNDM2M2JjN2M0YzAiOnsiY3JlYXRlIjo2MDAwMDAwMDAwMDAsImRlbGV0ZSI6OTAwMDAwMDAwMDAwfSwic2NoZW1hX3ZlcnNpb24iOiIxIn0=",
          "dependencies": [
            "aws_vpc.vpc"
          ]
        }
      ]
    },
    {
      "mode": "managed",
      "type": "aws_subnet",
      "name": "private1",
      "provider": "provider[\"registry.terraform.io/hashicorp/aws\"]",
      "instances": [
        {
          "schema_version": 1,
          "attributes": {
            "arn": "arn:aws:ec2:us-east-1:491410034693:subnet/subnet-01edc0ef5e5965ce2",
            "assign_ipv6_address_on_creation": false,
            "availability_zone": "us-east-1a",
            "availability_zone_id": "use1-az4",
            "cidr_block": "10.0.3.0/24",
            "customer_owned_ipv4_pool": "",
            "enable_dns64": false,
            "enable_lni_at_device_index": 0,
            "enable_resource_name_dns_a_record_on_launch": false,
            "enable_resource_name_dns_aaaa_record_on_launch": false,
            "id": "subnet-01edc0ef5e5965ce2",
            "ipv6_cidr_block": "",
            "ipv6_cidr_block_association_id": "",
            "ipv6_native": false,
            "map_customer_owned_ip_on_launch": false,
            "map_public_ip_on_launch": false,
            "outpost_arn": "",
            "owner_id": "491410034693",
            "private_dns_hostname_type_on_launch": "ip-name",
            "tags": {
              "Name": "1private"
            },
            "tags_all": {
              "Name": "1private"
            },
            "timeouts": null,
            "vpc_id": "vpc-0c5d07896944c714c"
          },
          "sensitive_attributes": [],
          "private": "eyJlMmJmYjczMC1lY2FhLTExZTYtOGY4OC0zNDM2M2JjN2M0YzAiOnsiY3JlYXRlIjo2MDAwMDAwMDAwMDAsImRlbGV0ZSI6MTIwMDAwMDAwMDAwMH0sInNjaGVtYV92ZXJzaW9uIjoiMSJ9",
          "dependencies": [
            "aws_vpc.vpc"
          ]
        }
      ]
    },
    {
      "mode": "managed",
      "type": "aws_subnet",
      "name": "private2",
      "provider": "provider[\"registry.terraform.io/hashicorp/aws\"]",
      "instances": [
        {
          "schema_version": 1,
          "attributes": {
            "arn": "arn:aws:ec2:us-east-1:491410034693:subnet/subnet-088899a9fbed0e949",
            "assign_ipv6_address_on_creation": false,
            "availability_zone": "us-east-1b",
            "availability_zone_id": "use1-az6",
            "cidr_block": "10.0.4.0/24",
            "customer_owned_ipv4_pool": "",
            "enable_dns64": false,
            "enable_lni_at_device_index": 0,
            "enable_resource_name_dns_a_record_on_launch": false,
            "enable_resource_name_dns_aaaa_record_on_launch": false,
            "id": "subnet-088899a9fbed0e949",
            "ipv6_cidr_block": "",
            "ipv6_cidr_block_association_id": "",
            "ipv6_native": false,
            "map_customer_owned_ip_on_launch": false,
            "map_public_ip_on_launch": false,
            "outpost_arn": "",
            "owner_id": "491410034693",
            "private_dns_hostname_type_on_launch": "ip-name",
            "tags": {
              "Name": "2private"
            },
            "tags_all": {
              "Name": "2private"
            },
            "timeouts": null,
            "vpc_id": "vpc-0c5d07896944c714c"
          },
          "sensitive_attributes": [],
          "private": "eyJlMmJmYjczMC1lY2FhLTExZTYtOGY4OC0zNDM2M2JjN2M0YzAiOnsiY3JlYXRlIjo2MDAwMDAwMDAwMDAsImRlbGV0ZSI6MTIwMDAwMDAwMDAwMH0sInNjaGVtYV92ZXJzaW9uIjoiMSJ9",
          "dependencies": [
            "aws_vpc.vpc"
          ]
        }
      ]
    },
    {
      "mode": "managed",
      "type": "aws_subnet",
      "name": "public1",
      "provider": "provider[\"registry.terraform.io/hashicorp/aws\"]",
      "instances": [
        {
          "schema_version": 1,
          "attributes": {
            "arn": "arn:aws:ec2:us-east-1:491410034693:subnet/subnet-09f63a753fb70cf6a",
            "assign_ipv6_address_on_creation": false,
            "availability_zone": "us-east-1a",
            "availability_zone_id": "use1-az4",
            "cidr_block": "10.0.1.0/24",
            "customer_owned_ipv4_pool": "",
            "enable_dns64": false,
            "enable_lni_at_device_index": 0,
            "enable_resource_name_dns_a_record_on_launch": false,
            "enable_resource_name_dns_aaaa_record_on_launch": false,
            "id": "subnet-09f63a753fb70cf6a",
            "ipv6_cidr_block": "",
            "ipv6_cidr_block_association_id": "",
            "ipv6_native": false,
            "map_customer_owned_ip_on_launch": false,
            "map_public_ip_on_launch": true,
            "outpost_arn": "",
            "owner_id": "491410034693",
            "private_dns_hostname_type_on_launch": "ip-name",
            "tags": {
              "Name": "1public"
            },
            "tags_all": {
              "Name": "1public"
            },
            "timeouts": null,
            "vpc_id": "vpc-0c5d07896944c714c"
          },
          "sensitive_attributes": [],
          "private": "eyJlMmJmYjczMC1lY2FhLTExZTYtOGY4OC0zNDM2M2JjN2M0YzAiOnsiY3JlYXRlIjo2MDAwMDAwMDAwMDAsImRlbGV0ZSI6MTIwMDAwMDAwMDAwMH0sInNjaGVtYV92ZXJzaW9uIjoiMSJ9",
          "dependencies": [
            "aws_vpc.vpc"
          ]
        }
      ]
    },
    {
      "mode": "managed",
      "type": "aws_subnet",
      "name": "public2",
      "provider": "provider[\"registry.terraform.io/hashicorp/aws\"]",
      "instances": [
        {
          "schema_version": 1,
          "attributes": {
            "arn": "arn:aws:ec2:us-east-1:491410034693:subnet/subnet-0f9f9dded9855afdb",
            "assign_ipv6_address_on_creation": false,
            "availability_zone": "us-east-1b",
            "availability_zone_id": "use1-az6",
            "cidr_block": "10.0.2.0/24",
            "customer_owned_ipv4_pool": "",
            "enable_dns64": false,
            "enable_lni_at_device_index": 0,
            "enable_resource_name_dns_a_record_on_launch": false,
            "enable_resource_name_dns_aaaa_record_on_launch": false,
            "id": "subnet-0f9f9dded9855afdb",
            "ipv6_cidr_block": "",
            "ipv6_cidr_block_association_id": "",
            "ipv6_native": false,
            "map_customer_owned_ip_on_launch": false,
            "map_public_ip_on_launch": true,
            "outpost_arn": "",
            "owner_id": "491410034693",
            "private_dns_hostname_type_on_launch": "ip-name",
            "tags": {
              "Name": "2public"
            },
            "tags_all": {
              "Name": "2public"
            },
            "timeouts": null,
            "vpc_id": "vpc-0c5d07896944c714c"
          },
          "sensitive_attributes": [],
          "private": "eyJlMmJmYjczMC1lY2FhLTExZTYtOGY4OC0zNDM2M2JjN2M0YzAiOnsiY3JlYXRlIjo2MDAwMDAwMDAwMDAsImRlbGV0ZSI6MTIwMDAwMDAwMDAwMH0sInNjaGVtYV92ZXJzaW9uIjoiMSJ9",
          "dependencies": [
            "aws_vpc.vpc"
          ]
        }
      ]
    },
    {
      "mode": "managed",
      "type": "aws_vpc",
      "name": "vpc",
      "provider": "provider[\"registry.terraform.io/hashicorp/aws\"]",
      "instances": [
        {
          "schema_version": 1,
          "attributes": {
            "arn": "arn:aws:ec2:us-east-1:491410034693:vpc/vpc-0c5d07896944c714c",
            "assign_generated_ipv6_cidr_block": false,
            "cidr_block": "10.0.0.0/16",
            "default_network_acl_id": "acl-02f8fc4fb9ddc2b3e",
            "default_route_table_id": "rtb-0c66a6449eeaf2146",
            "default_security_group_id": "sg-0f7d0ca5f0c1e3fcd",
            "dhcp_options_id": "dopt-008a82c5492b6ecdf",
            "enable_classiclink": false,
            "enable_classiclink_dns_support": false,
            "enable_dns_hostnames": false,
            "enable_dns_support": true,
            "enable_network_address_usage_metrics": false,
            "id": "vpc-0c5d07896944c714c",
            "instance_tenancy": "default",
            "ipv4_ipam_pool_id": null,
            "ipv4_netmask_length": null,
            "ipv6_association_id": "",
            "ipv6_cidr_block": "",
            "ipv6_cidr_block_network_border_group": "",
            "ipv6_ipam_pool_id": "",
            "ipv6_netmask_length": 0,
            "main_route_table_id": "rtb-0c66a6449eeaf2146",
            "owner_id": "491410034693",
            "tags": {
              "Name": "projectvpc"
            },
            "tags_all": {
              "Name": "projectvpc"
            }
          },
          "sensitive_attributes": [],
          "private": "eyJzY2hlbWFfdmVyc2lvbiI6IjEifQ=="
        }
      ]
    },
    {
      "mode": "managed",
      "type": "local_file",
      "name": "tf-key",
      "provider": "provider[\"registry.terraform.io/hashicorp/local\"]",
      "instances": [
        {
          "schema_version": 0,
          "attributes": {
            "content": "-----BEGIN RSA PRIVATE KEY-----\nMIIJKAIBAAKCAgEAvZD+FuKzr92OSLov4qyL6F5EPcOtVPfihgEwZ5it65Y96Vbq\nApFDNJ8zQYqLs0/bTIahgK4Tjr0SZuqEDXq7ImHvPCExZYyo/X06wIS39aPxJ/ex\nozef5ozSQvY78fC2hKV+Fty9l6gqqZsag118FJhxBlCrHVVya+fZMVo06C1fPOMF\nRv9p915th/Q34a89aVS0tV34+r5OzaTRxPpWN+Il0TueE9qIseNKh0M+MGmsImsl\nCPQmtcU0lb2yLOG74tbU5+PLewEG0smpyUrOJvEzFdpOKr390nzuuTWtDMoucq40\nfAzX6V9HNh5FvpYDu5ygIV/g0Hu7eJDEHKX4ikb/PTvdaI/NWjs/hT0hRTeCTzLa\nhBmYpMMo354APFCeWwlfH+8JTZlS0+Ncs42WZIK/VOemtL/779NheEGfFaUTYlTN\nk9q8ZUDygc1TF6c23lPs5VQgjRG9RdzN2dM0Txl83guI0bhQnvobAO4V/xc7SttM\nvhxedk2rZ4CQS745jig3UwaL3OpyKRYgjdG0lTFHHpRnc2Y9aWYE+Io4+r/giK38\nQgqpr3sT+holhzv0MhAq1gCL+hxTVbN1L0avHOtlc+hBKWAU7oJpRUTpm6dw3k2R\nft/FIsfNWqIaYmftgi3p97Pg9adZQQs+b2Es0YP06oQFNk1DsBVc1YOXt2UCAwEA\nAQKCAgAUk8qhHVa3/mrVhjBwgJ5nSORLeBQ2pvnV5gclF7O5YQOzcpXQVYhgC+/6\na1miy0ZY1jxtxXemBOwcc9SFyg7KOqtHcar1BQHLEm7wOvflGDizR/Xma8FVu2+P\niT8Ukjady4EWZjvGXKDU7FtCa0Fu0uVh9Bu/AWl8QRyYeNxJX7N43oPSIyOTkJJ/\nMYlnXChkaKd9EIhYX5QaSoviv/Hf+xJz1e7g5NX1yWBrsmbrxmzDB7JreGVDUfbV\nUlQm/xHwG7XcviN2ZLQi6XUevpoGLCSJeLsHdLw6vwkC3cq9Gq1UEYjs9k/xq0AF\npd+YQpyBHw1a0heLSgMdoUlIetOxrvijl3Ef0829veieAm6YlojNZt4qJQZXpS97\naYbsxtJ7hmkF9mwcB84+0ViPf7zRxMZWsrZh9wgnAEnQN0tkIdFp37soJQR3/9pN\nostJPBi82LuLKGVelZlsSlFaPMefX6pSfrcgQ0n+6uiyaxGqVnQqXaytWb/0QdXz\navJnODtazZL/VBZx0X6VF9cx5D7/cStrLQS+a+Qo50iKd8U6uMP3jexo/6wwpbhS\nbAemUc+94k8milteC3EuHLPYeU83bk2nNzncAzeJOBSHT9nAEm70zpYLliikaNIc\nOwdkVloVdLa/8fSkXl0IaMBS1ulyX0hS0Jn+OGBrmhjYylP/OQKCAQEA63WtU/1v\nRIkHepPZ4C5B2bqfZvyUjvun1REFOvZaXqLmr7ge28LaWxqQxhhKNjF1ZeBXVjyQ\noxaxQCor4fyFVZI6Zp67MOnv1o6dONrKyKbCwITh/Iy7TemTS2PlwwxAKFXs9958\ntOHS0Bv/Sa4fvyiZ9osO9dIqHOdh4SfWZLJ4/K1VsUUNBGfIXen5495YxmBu4TB6\nyP2SGhBG2VRmDD0R6HISmHr4lE2esBgK3yVZoLiVmX1OYFnRDWeGKscLwR1bu06S\nULJTfRnCLcWeMou6uXnUmz0RXbB0y5Bb5F4nfLUPnGNN/jItGdyGiTDX5GpiYjdW\nqvkRaU/6CsAMYwKCAQEAzhprRQ0gMmFqcY/R1GYhMYo52SAKWAARUJSg/Wdcl6+D\nSboij8gyePAgAd5mBR7HwmZi79+SrlgbzB2WLPtTBRpkj4EdB4GG5JXuVBhKTPeR\nVsr6D18sacqPq+l3MGeH81J6boGPugNo4kFQ0YdF5ejGRk+3syHH2AStts4TOxA4\nwx3bZVWRyj7Sxyw5RBkJPYdQCQG7odWn0Ofka07dLSwf+pVhLMKH6GUxAsWleit7\nl1pTovC3b7asYXd8u8PEY79LmmBfdb5sr3Vj/EHcV+0C2SdZOKXqWoxqJrppoHoh\nOxhh6bJA/ogREmQC7LOZJ/kA3Z5qTu0hbKC5rOvDlwKCAQBPQpynEj/bVTlERPLp\nqQiXr1+rPkkP3JzBd2pIT9dZ1gJLknIoze3NDyM+27xXg8yeD6e2qsqRa7kc/VUq\nTGPhy0iHdNVUgNswYW+BTP1IEAKs5c5gwkrmzkK79RPJ1ZzfNxV+1tEp3n6leVc1\nSTz8j0FMocDWdPmiIy1qqotb+EwL2plnA/R+0CS9oF5zG0zM8ndArJ4YfGsrBOGk\nlOmJIyGdGpEx7OsymPJbGqzGMv95v8j0Ex9IBdP+bCPY0IofZq+TXL6aFX1PNlWM\nLOK05x5jAyTTYPowjI60W5LjS+KE8zofDbqaX++YrghHtD5ocHtPzosJILCAv+BO\nsBk7AoIBABlrcr2Cf+0WzL0S4utSaVel17qq0/vEjl4k5rI6VFY1BHlMZsTbCTaX\nTytL1cNd539Xh25UYc/0+AC1yXbkzHl9ptd4Mi9hz1RUFZ/zmv5hLmDJCgxpTZ4C\nqLOoSNYEfuUI0Cbe/e4QS5hUO/aLu5g+nG3BmUOTsAU5ln9MbVzEhGu0PAIEisWp\n9+8uyiVW/SfEj598wjqUkm0WnLqLcIYIwizyzZhqqb6E9IWGAQHPaR/iuRwImmdB\n3YLr7MtvusIeruFsb3mjMd52GQ3cxaNmjQphawSsmfnvBYyfQzXSulSCjlj3bkK2\nX3yoLyAoioQ+lte+mRgA8TVnoV7teSMCggEBAMLZJRgd81f0UZzZt8koYmhWM891\nhhASRKHvBWeOKkquVRSzK8XMiEf7qWqaymjsZwUBHhwJEHKmc6C9zXZt5HHz3xQS\n1KU54x2c2s8H1ncQj3JMHaxXoIga7ItHgVtTJO7sd77nPAMH4Sn/3jQ/mdA1tJov\nIv3439rNWck0P0pq3/3C4dZILdl9EenaVJLKjB6NKOU161MfiF3ECeNJuJ3UlT15\n1XFcJIsiTsKkp55Ovl2VBtmuRoEIeqOcBkAVSdhYsxwso0uH1vs49eU+Q5POA6Pl\nIUV/Dkgb0WoBrcUx32nH5ZjLP9yopu98lXmrihFomSwyXvY/I8bec/XyMoo=\n-----END RSA PRIVATE KEY-----\n",
            "content_base64": null,
            "content_base64sha256": "qBvvbhndtEYIwIYuHB773oavV5GN2z9WKpQnQeLDy1g=",
            "content_base64sha512": "ShphlLJqHz8Yf0Dv0Buw/qFfnZWL2cGwVyv218MNHaeekVE40HMNiIOP8DApRM7HmDaQMxkduQ/Cd51jZfMJ5A==",
            "content_md5": "2318269e84267251b32b16b4c5510d40",
            "content_sha1": "38a383873a4bc19f515cfedf0727b124be0a95be",
            "content_sha256": "a81bef6e19ddb44608c0862e1c1efbde86af57918ddb3f562a942741e2c3cb58",
            "content_sha512": "4a1a6194b26a1f3f187f40efd01bb0fea15f9d958bd9c1b0572bf6d7c30d1da79e915138d0730d88838ff0302944cec798369033191db90fc2779d6365f309e4",
            "directory_permission": "0777",
            "file_permission": "0777",
            "filename": "tfkey",
            "id": "38a383873a4bc19f515cfedf0727b124be0a95be",
            "sensitive_content": null,
            "source": null
          },
          "sensitive_attributes": [
            [
              {
                "type": "get_attr",
                "value": "content"
              }
            ]
          ],
          "dependencies": [
            "tls_private_key.rsa"
          ]
        }
      ]
    },
    {
      "mode": "managed",
      "type": "tls_private_key",
      "name": "rsa",
      "provider": "provider[\"registry.terraform.io/hashicorp/tls\"]",
      "instances": [
        {
          "schema_version": 1,
          "attributes": {
            "algorithm": "RSA",
            "ecdsa_curve": "P224",
            "id": "926db6e4346107dab448cb6c4d8594ca0ea2aed1",
            "private_key_openssh": "-----BEGIN OPENSSH PRIVATE KEY-----\nb3BlbnNzaC1rZXktdjEAAAAABG5vbmUAAAAEbm9uZQAAAAAAAAABAAACFwAAAAdz\nc2gtcnNhAAAAAwEAAQAAAgEAvZD+FuKzr92OSLov4qyL6F5EPcOtVPfihgEwZ5it\n65Y96VbqApFDNJ8zQYqLs0/bTIahgK4Tjr0SZuqEDXq7ImHvPCExZYyo/X06wIS3\n9aPxJ/exozef5ozSQvY78fC2hKV+Fty9l6gqqZsag118FJhxBlCrHVVya+fZMVo0\n6C1fPOMFRv9p915th/Q34a89aVS0tV34+r5OzaTRxPpWN+Il0TueE9qIseNKh0M+\nMGmsImslCPQmtcU0lb2yLOG74tbU5+PLewEG0smpyUrOJvEzFdpOKr390nzuuTWt\nDMoucq40fAzX6V9HNh5FvpYDu5ygIV/g0Hu7eJDEHKX4ikb/PTvdaI/NWjs/hT0h\nRTeCTzLahBmYpMMo354APFCeWwlfH+8JTZlS0+Ncs42WZIK/VOemtL/779NheEGf\nFaUTYlTNk9q8ZUDygc1TF6c23lPs5VQgjRG9RdzN2dM0Txl83guI0bhQnvobAO4V\n/xc7SttMvhxedk2rZ4CQS745jig3UwaL3OpyKRYgjdG0lTFHHpRnc2Y9aWYE+Io4\n+r/giK38Qgqpr3sT+holhzv0MhAq1gCL+hxTVbN1L0avHOtlc+hBKWAU7oJpRUTp\nm6dw3k2Rft/FIsfNWqIaYmftgi3p97Pg9adZQQs+b2Es0YP06oQFNk1DsBVc1YOX\nt2UAAAc4FkbYwhZG2MIAAAAHc3NoLXJzYQAAAgEAvZD+FuKzr92OSLov4qyL6F5E\nPcOtVPfihgEwZ5it65Y96VbqApFDNJ8zQYqLs0/bTIahgK4Tjr0SZuqEDXq7ImHv\nPCExZYyo/X06wIS39aPxJ/exozef5ozSQvY78fC2hKV+Fty9l6gqqZsag118FJhx\nBlCrHVVya+fZMVo06C1fPOMFRv9p915th/Q34a89aVS0tV34+r5OzaTRxPpWN+Il\n0TueE9qIseNKh0M+MGmsImslCPQmtcU0lb2yLOG74tbU5+PLewEG0smpyUrOJvEz\nFdpOKr390nzuuTWtDMoucq40fAzX6V9HNh5FvpYDu5ygIV/g0Hu7eJDEHKX4ikb/\nPTvdaI/NWjs/hT0hRTeCTzLahBmYpMMo354APFCeWwlfH+8JTZlS0+Ncs42WZIK/\nVOemtL/779NheEGfFaUTYlTNk9q8ZUDygc1TF6c23lPs5VQgjRG9RdzN2dM0Txl8\n3guI0bhQnvobAO4V/xc7SttMvhxedk2rZ4CQS745jig3UwaL3OpyKRYgjdG0lTFH\nHpRnc2Y9aWYE+Io4+r/giK38Qgqpr3sT+holhzv0MhAq1gCL+hxTVbN1L0avHOtl\nc+hBKWAU7oJpRUTpm6dw3k2Rft/FIsfNWqIaYmftgi3p97Pg9adZQQs+b2Es0YP0\n6oQFNk1DsBVc1YOXt2UAAAADAQABAAACABSTyqEdVrf+atWGMHCAnmdI5Et4FDam\n+dXmByUXs7lhA7NyldBViGAL7/prWaLLRljWPG3Fd6YE7Bxz1IXKDso6q0dxqvUF\nAcsSbvA69+UYOLNH9eZrwVW7b4+JPxSSNp3LgRZmO8ZcoNTsW0JrQW7S5WH0G78B\naXxBHJh43Elfs3jeg9IjI5OQkn8xiWdcKGRop30QiFhflBpKi+K/8d/7EnPV7uDk\n1fXJYGuyZuvGbMMHsmt4ZUNR9tVSVCb/EfAbtdy+I3ZktCLpdR6+mgYsJIl4uwd0\nvDq/CQLdyr0arVQRiOz2T/GrQAWl35hCnIEfDVrSF4tKAx2hSUh607Gu+KOXcR/T\nzb296J4CbpiWiM1m3iolBlelL3tphuzG0nuGaQX2bBwHzj7RWI9/vNHExlaytmH3\nCCcASdA3S2Qh0WnfuyglBHf/2k2iy0k8GLzYu4soZV6VmWxKUVo8x59fqlJ+tyBD\nSf7q6LJrEapWdCpdrK1Zv/RB1fNq8mc4O1rNkv9UFnHRfpUX1zHkPv9xK2stBL5r\n5CjnSIp3xTq4w/eN7Gj/rDCluFJsB6ZRz73iTyaKW14LcS4cs9h5TzduTac3OdwD\nN4k4FIdP2cASbvTOlguWKKRo0hw7B2RWWhV0tr/x9KReXQhowFLW6XJfSFLQmf44\nYGuaGNjKU/85AAABAQDC2SUYHfNX9FGc2bfJKGJoVjPPdYYQEkSh7wVnjipKrlUU\nsyvFzIhH+6lqmspo7GcFAR4cCRBypnOgvc12beRx898UEtSlOeMdnNrPB9Z3EI9y\nTB2sV6CIGuyLR4FbUyTu7He+5zwDB+Ep/940P5nQNbSaLyL9+N/azVnJND9Kat/9\nwuHWSC3ZfRHp2lSSyowejSjlNetTH4hdxAnjSbid1JU9edVxXCSLIk7CpKeeTr5d\nlQbZrkaBCHqjnAZAFUnYWLMcLKNLh9b7OPXlPkOTzgOj5SFFfw5IG9FqAa3FMd9p\nx+WYyz/cqKbvfJV5q4oRaJksMl72PyPG3nP18jKKAAABAQDrda1T/W9EiQd6k9ng\nLkHZup9m/JSO+6fVEQU69lpeouavuB7bwtpbGpDGGEo2MXVl4FdWPJCjFrFAKivh\n/IVVkjpmnrsw6e/Wjp042srIpsLAhOH8jLtN6ZNLY+XDDEAoVez33ny04dLQG/9J\nrh+/KJn2iw710ioc52HhJ9Zksnj8rVWxRQ0EZ8hd6fnj3ljGYG7hMHrI/ZIaEEbZ\nVGYMPRHochKYeviUTZ6wGArfJVmguJWZfU5gWdENZ4YqxwvBHVu7TpJQslN9GcIt\nxZ4yi7q5edSbPRFdsHTLkFvkXid8tQ+cY03+Mi0Z3IaJMNfkamJiN1aq+RFpT/oK\nwAxjAAABAQDOGmtFDSAyYWpxj9HUZiExijnZIApYABFQlKD9Z1yXr4NJuiKPyDJ4\n8CAB3mYFHsfCZmLv35KuWBvMHZYs+1MFGmSPgR0HgYbkle5UGEpM95FWyvoPXyxp\nyo+r6XcwZ4fzUnpugY+6A2jiQVDRh0Xl6MZGT7ezIcfYBK22zhM7EDjDHdtlVZHK\nPtLHLDlEGQk9h1AJAbuh1afQ5+RrTt0tLB/6lWEswofoZTECxaV6K3uXWlOi8Ldv\ntqxhd3y7w8Rjv0uaYF91vmyvdWP8QdxX7QLZJ1k4pepajGomummgeiE7GGHpskD+\niBESZALss5kn+QDdnmpO7SFsoLms68OXAAAAAAEC\n-----END OPENSSH PRIVATE KEY-----\n",
            "private_key_pem": "-----BEGIN RSA PRIVATE KEY-----\nMIIJKAIBAAKCAgEAvZD+FuKzr92OSLov4qyL6F5EPcOtVPfihgEwZ5it65Y96Vbq\nApFDNJ8zQYqLs0/bTIahgK4Tjr0SZuqEDXq7ImHvPCExZYyo/X06wIS39aPxJ/ex\nozef5ozSQvY78fC2hKV+Fty9l6gqqZsag118FJhxBlCrHVVya+fZMVo06C1fPOMF\nRv9p915th/Q34a89aVS0tV34+r5OzaTRxPpWN+Il0TueE9qIseNKh0M+MGmsImsl\nCPQmtcU0lb2yLOG74tbU5+PLewEG0smpyUrOJvEzFdpOKr390nzuuTWtDMoucq40\nfAzX6V9HNh5FvpYDu5ygIV/g0Hu7eJDEHKX4ikb/PTvdaI/NWjs/hT0hRTeCTzLa\nhBmYpMMo354APFCeWwlfH+8JTZlS0+Ncs42WZIK/VOemtL/779NheEGfFaUTYlTN\nk9q8ZUDygc1TF6c23lPs5VQgjRG9RdzN2dM0Txl83guI0bhQnvobAO4V/xc7SttM\nvhxedk2rZ4CQS745jig3UwaL3OpyKRYgjdG0lTFHHpRnc2Y9aWYE+Io4+r/giK38\nQgqpr3sT+holhzv0MhAq1gCL+hxTVbN1L0avHOtlc+hBKWAU7oJpRUTpm6dw3k2R\nft/FIsfNWqIaYmftgi3p97Pg9adZQQs+b2Es0YP06oQFNk1DsBVc1YOXt2UCAwEA\nAQKCAgAUk8qhHVa3/mrVhjBwgJ5nSORLeBQ2pvnV5gclF7O5YQOzcpXQVYhgC+/6\na1miy0ZY1jxtxXemBOwcc9SFyg7KOqtHcar1BQHLEm7wOvflGDizR/Xma8FVu2+P\niT8Ukjady4EWZjvGXKDU7FtCa0Fu0uVh9Bu/AWl8QRyYeNxJX7N43oPSIyOTkJJ/\nMYlnXChkaKd9EIhYX5QaSoviv/Hf+xJz1e7g5NX1yWBrsmbrxmzDB7JreGVDUfbV\nUlQm/xHwG7XcviN2ZLQi6XUevpoGLCSJeLsHdLw6vwkC3cq9Gq1UEYjs9k/xq0AF\npd+YQpyBHw1a0heLSgMdoUlIetOxrvijl3Ef0829veieAm6YlojNZt4qJQZXpS97\naYbsxtJ7hmkF9mwcB84+0ViPf7zRxMZWsrZh9wgnAEnQN0tkIdFp37soJQR3/9pN\nostJPBi82LuLKGVelZlsSlFaPMefX6pSfrcgQ0n+6uiyaxGqVnQqXaytWb/0QdXz\navJnODtazZL/VBZx0X6VF9cx5D7/cStrLQS+a+Qo50iKd8U6uMP3jexo/6wwpbhS\nbAemUc+94k8milteC3EuHLPYeU83bk2nNzncAzeJOBSHT9nAEm70zpYLliikaNIc\nOwdkVloVdLa/8fSkXl0IaMBS1ulyX0hS0Jn+OGBrmhjYylP/OQKCAQEA63WtU/1v\nRIkHepPZ4C5B2bqfZvyUjvun1REFOvZaXqLmr7ge28LaWxqQxhhKNjF1ZeBXVjyQ\noxaxQCor4fyFVZI6Zp67MOnv1o6dONrKyKbCwITh/Iy7TemTS2PlwwxAKFXs9958\ntOHS0Bv/Sa4fvyiZ9osO9dIqHOdh4SfWZLJ4/K1VsUUNBGfIXen5495YxmBu4TB6\nyP2SGhBG2VRmDD0R6HISmHr4lE2esBgK3yVZoLiVmX1OYFnRDWeGKscLwR1bu06S\nULJTfRnCLcWeMou6uXnUmz0RXbB0y5Bb5F4nfLUPnGNN/jItGdyGiTDX5GpiYjdW\nqvkRaU/6CsAMYwKCAQEAzhprRQ0gMmFqcY/R1GYhMYo52SAKWAARUJSg/Wdcl6+D\nSboij8gyePAgAd5mBR7HwmZi79+SrlgbzB2WLPtTBRpkj4EdB4GG5JXuVBhKTPeR\nVsr6D18sacqPq+l3MGeH81J6boGPugNo4kFQ0YdF5ejGRk+3syHH2AStts4TOxA4\nwx3bZVWRyj7Sxyw5RBkJPYdQCQG7odWn0Ofka07dLSwf+pVhLMKH6GUxAsWleit7\nl1pTovC3b7asYXd8u8PEY79LmmBfdb5sr3Vj/EHcV+0C2SdZOKXqWoxqJrppoHoh\nOxhh6bJA/ogREmQC7LOZJ/kA3Z5qTu0hbKC5rOvDlwKCAQBPQpynEj/bVTlERPLp\nqQiXr1+rPkkP3JzBd2pIT9dZ1gJLknIoze3NDyM+27xXg8yeD6e2qsqRa7kc/VUq\nTGPhy0iHdNVUgNswYW+BTP1IEAKs5c5gwkrmzkK79RPJ1ZzfNxV+1tEp3n6leVc1\nSTz8j0FMocDWdPmiIy1qqotb+EwL2plnA/R+0CS9oF5zG0zM8ndArJ4YfGsrBOGk\nlOmJIyGdGpEx7OsymPJbGqzGMv95v8j0Ex9IBdP+bCPY0IofZq+TXL6aFX1PNlWM\nLOK05x5jAyTTYPowjI60W5LjS+KE8zofDbqaX++YrghHtD5ocHtPzosJILCAv+BO\nsBk7AoIBABlrcr2Cf+0WzL0S4utSaVel17qq0/vEjl4k5rI6VFY1BHlMZsTbCTaX\nTytL1cNd539Xh25UYc/0+AC1yXbkzHl9ptd4Mi9hz1RUFZ/zmv5hLmDJCgxpTZ4C\nqLOoSNYEfuUI0Cbe/e4QS5hUO/aLu5g+nG3BmUOTsAU5ln9MbVzEhGu0PAIEisWp\n9+8uyiVW/SfEj598wjqUkm0WnLqLcIYIwizyzZhqqb6E9IWGAQHPaR/iuRwImmdB\n3YLr7MtvusIeruFsb3mjMd52GQ3cxaNmjQphawSsmfnvBYyfQzXSulSCjlj3bkK2\nX3yoLyAoioQ+lte+mRgA8TVnoV7teSMCggEBAMLZJRgd81f0UZzZt8koYmhWM891\nhhASRKHvBWeOKkquVRSzK8XMiEf7qWqaymjsZwUBHhwJEHKmc6C9zXZt5HHz3xQS\n1KU54x2c2s8H1ncQj3JMHaxXoIga7ItHgVtTJO7sd77nPAMH4Sn/3jQ/mdA1tJov\nIv3439rNWck0P0pq3/3C4dZILdl9EenaVJLKjB6NKOU161MfiF3ECeNJuJ3UlT15\n1XFcJIsiTsKkp55Ovl2VBtmuRoEIeqOcBkAVSdhYsxwso0uH1vs49eU+Q5POA6Pl\nIUV/Dkgb0WoBrcUx32nH5ZjLP9yopu98lXmrihFomSwyXvY/I8bec/XyMoo=\n-----END RSA PRIVATE KEY-----\n",
            "private_key_pem_pkcs8": "-----BEGIN PRIVATE KEY-----\nMIIJQgIBADANBgkqhkiG9w0BAQEFAASCCSwwggkoAgEAAoICAQC9kP4W4rOv3Y5I\nui/irIvoXkQ9w61U9+KGATBnmK3rlj3pVuoCkUM0nzNBiouzT9tMhqGArhOOvRJm\n6oQNersiYe88ITFljKj9fTrAhLf1o/En97GjN5/mjNJC9jvx8LaEpX4W3L2XqCqp\nmxqDXXwUmHEGUKsdVXJr59kxWjToLV884wVG/2n3Xm2H9Dfhrz1pVLS1Xfj6vk7N\npNHE+lY34iXRO54T2oix40qHQz4waawiayUI9Ca1xTSVvbIs4bvi1tTn48t7AQbS\nyanJSs4m8TMV2k4qvf3SfO65Na0Myi5yrjR8DNfpX0c2HkW+lgO7nKAhX+DQe7t4\nkMQcpfiKRv89O91oj81aOz+FPSFFN4JPMtqEGZikwyjfngA8UJ5bCV8f7wlNmVLT\n41yzjZZkgr9U56a0v/vv02F4QZ8VpRNiVM2T2rxlQPKBzVMXpzbeU+zlVCCNEb1F\n3M3Z0zRPGXzeC4jRuFCe+hsA7hX/FztK20y+HF52TatngJBLvjmOKDdTBovc6nIp\nFiCN0bSVMUcelGdzZj1pZgT4ijj6v+CIrfxCCqmvexP6GiWHO/QyECrWAIv6HFNV\ns3UvRq8c62Vz6EEpYBTugmlFROmbp3DeTZF+38Uix81aohpiZ+2CLen3s+D1p1lB\nCz5vYSzRg/TqhAU2TUOwFVzVg5e3ZQIDAQABAoICABSTyqEdVrf+atWGMHCAnmdI\n5Et4FDam+dXmByUXs7lhA7NyldBViGAL7/prWaLLRljWPG3Fd6YE7Bxz1IXKDso6\nq0dxqvUFAcsSbvA69+UYOLNH9eZrwVW7b4+JPxSSNp3LgRZmO8ZcoNTsW0JrQW7S\n5WH0G78BaXxBHJh43Elfs3jeg9IjI5OQkn8xiWdcKGRop30QiFhflBpKi+K/8d/7\nEnPV7uDk1fXJYGuyZuvGbMMHsmt4ZUNR9tVSVCb/EfAbtdy+I3ZktCLpdR6+mgYs\nJIl4uwd0vDq/CQLdyr0arVQRiOz2T/GrQAWl35hCnIEfDVrSF4tKAx2hSUh607Gu\n+KOXcR/Tzb296J4CbpiWiM1m3iolBlelL3tphuzG0nuGaQX2bBwHzj7RWI9/vNHE\nxlaytmH3CCcASdA3S2Qh0WnfuyglBHf/2k2iy0k8GLzYu4soZV6VmWxKUVo8x59f\nqlJ+tyBDSf7q6LJrEapWdCpdrK1Zv/RB1fNq8mc4O1rNkv9UFnHRfpUX1zHkPv9x\nK2stBL5r5CjnSIp3xTq4w/eN7Gj/rDCluFJsB6ZRz73iTyaKW14LcS4cs9h5Tzdu\nTac3OdwDN4k4FIdP2cASbvTOlguWKKRo0hw7B2RWWhV0tr/x9KReXQhowFLW6XJf\nSFLQmf44YGuaGNjKU/85AoIBAQDrda1T/W9EiQd6k9ngLkHZup9m/JSO+6fVEQU6\n9lpeouavuB7bwtpbGpDGGEo2MXVl4FdWPJCjFrFAKivh/IVVkjpmnrsw6e/Wjp04\n2srIpsLAhOH8jLtN6ZNLY+XDDEAoVez33ny04dLQG/9Jrh+/KJn2iw710ioc52Hh\nJ9Zksnj8rVWxRQ0EZ8hd6fnj3ljGYG7hMHrI/ZIaEEbZVGYMPRHochKYeviUTZ6w\nGArfJVmguJWZfU5gWdENZ4YqxwvBHVu7TpJQslN9GcItxZ4yi7q5edSbPRFdsHTL\nkFvkXid8tQ+cY03+Mi0Z3IaJMNfkamJiN1aq+RFpT/oKwAxjAoIBAQDOGmtFDSAy\nYWpxj9HUZiExijnZIApYABFQlKD9Z1yXr4NJuiKPyDJ48CAB3mYFHsfCZmLv35Ku\nWBvMHZYs+1MFGmSPgR0HgYbkle5UGEpM95FWyvoPXyxpyo+r6XcwZ4fzUnpugY+6\nA2jiQVDRh0Xl6MZGT7ezIcfYBK22zhM7EDjDHdtlVZHKPtLHLDlEGQk9h1AJAbuh\n1afQ5+RrTt0tLB/6lWEswofoZTECxaV6K3uXWlOi8Ldvtqxhd3y7w8Rjv0uaYF91\nvmyvdWP8QdxX7QLZJ1k4pepajGomummgeiE7GGHpskD+iBESZALss5kn+QDdnmpO\n7SFsoLms68OXAoIBAE9CnKcSP9tVOURE8umpCJevX6s+SQ/cnMF3akhP11nWAkuS\ncijN7c0PIz7bvFeDzJ4Pp7aqypFruRz9VSpMY+HLSId01VSA2zBhb4FM/UgQAqzl\nzmDCSubOQrv1E8nVnN83FX7W0SnefqV5VzVJPPyPQUyhwNZ0+aIjLWqqi1v4TAva\nmWcD9H7QJL2gXnMbTMzyd0Csnhh8aysE4aSU6YkjIZ0akTHs6zKY8lsarMYy/3m/\nyPQTH0gF0/5sI9jQih9mr5NcvpoVfU82VYws4rTnHmMDJNNg+jCMjrRbkuNL4oTz\nOh8Nuppf75iuCEe0Pmhwe0/OiwkgsIC/4E6wGTsCggEAGWtyvYJ/7RbMvRLi61Jp\nV6XXuqrT+8SOXiTmsjpUVjUEeUxmxNsJNpdPK0vVw13nf1eHblRhz/T4ALXJduTM\neX2m13gyL2HPVFQVn/Oa/mEuYMkKDGlNngKos6hI1gR+5QjQJt797hBLmFQ79ou7\nmD6cbcGZQ5OwBTmWf0xtXMSEa7Q8AgSKxan37y7KJVb9J8SPn3zCOpSSbRacuotw\nhgjCLPLNmGqpvoT0hYYBAc9pH+K5HAiaZ0Hdguvsy2+6wh6u4WxveaMx3nYZDdzF\no2aNCmFrBKyZ+e8FjJ9DNdK6VIKOWPduQrZffKgvICiKhD6W176ZGADxNWehXu15\nIwKCAQEAwtklGB3zV/RRnNm3yShiaFYzz3WGEBJEoe8FZ44qSq5VFLMrxcyIR/up\naprKaOxnBQEeHAkQcqZzoL3Ndm3kcfPfFBLUpTnjHZzazwfWdxCPckwdrFegiBrs\ni0eBW1Mk7ux3vuc8AwfhKf/eND+Z0DW0mi8i/fjf2s1ZyTQ/Smrf/cLh1kgt2X0R\n6dpUksqMHo0o5TXrUx+IXcQJ40m4ndSVPXnVcVwkiyJOwqSnnk6+XZUG2a5GgQh6\no5wGQBVJ2FizHCyjS4fW+zj15T5Dk84Do+UhRX8OSBvRagGtxTHfacflmMs/3Kim\n73yVeauKEWiZLDJe9j8jxt5z9fIyig==\n-----END PRIVATE KEY-----\n",
            "public_key_fingerprint_md5": "c1:c8:ee:d1:24:9d:8e:3c:fa:4c:5e:de:02:7f:30:3d",
            "public_key_fingerprint_sha256": "SHA256:brDsukxao3TcnAS0wB+napYhzaYGbMTfzz4j/gzWUtQ",
            "public_key_openssh": "ssh-rsa AAAAB3NzaC1yc2EAAAADAQABAAACAQC9kP4W4rOv3Y5Iui/irIvoXkQ9w61U9+KGATBnmK3rlj3pVuoCkUM0nzNBiouzT9tMhqGArhOOvRJm6oQNersiYe88ITFljKj9fTrAhLf1o/En97GjN5/mjNJC9jvx8LaEpX4W3L2XqCqpmxqDXXwUmHEGUKsdVXJr59kxWjToLV884wVG/2n3Xm2H9Dfhrz1pVLS1Xfj6vk7NpNHE+lY34iXRO54T2oix40qHQz4waawiayUI9Ca1xTSVvbIs4bvi1tTn48t7AQbSyanJSs4m8TMV2k4qvf3SfO65Na0Myi5yrjR8DNfpX0c2HkW+lgO7nKAhX+DQe7t4kMQcpfiKRv89O91oj81aOz+FPSFFN4JPMtqEGZikwyjfngA8UJ5bCV8f7wlNmVLT41yzjZZkgr9U56a0v/vv02F4QZ8VpRNiVM2T2rxlQPKBzVMXpzbeU+zlVCCNEb1F3M3Z0zRPGXzeC4jRuFCe+hsA7hX/FztK20y+HF52TatngJBLvjmOKDdTBovc6nIpFiCN0bSVMUcelGdzZj1pZgT4ijj6v+CIrfxCCqmvexP6GiWHO/QyECrWAIv6HFNVs3UvRq8c62Vz6EEpYBTugmlFROmbp3DeTZF+38Uix81aohpiZ+2CLen3s+D1p1lBCz5vYSzRg/TqhAU2TUOwFVzVg5e3ZQ==\n",
            "public_key_pem": "-----BEGIN PUBLIC KEY-----\nMIICIjANBgkqhkiG9w0BAQEFAAOCAg8AMIICCgKCAgEAvZD+FuKzr92OSLov4qyL\n6F5EPcOtVPfihgEwZ5it65Y96VbqApFDNJ8zQYqLs0/bTIahgK4Tjr0SZuqEDXq7\nImHvPCExZYyo/X06wIS39aPxJ/exozef5ozSQvY78fC2hKV+Fty9l6gqqZsag118\nFJhxBlCrHVVya+fZMVo06C1fPOMFRv9p915th/Q34a89aVS0tV34+r5OzaTRxPpW\nN+Il0TueE9qIseNKh0M+MGmsImslCPQmtcU0lb2yLOG74tbU5+PLewEG0smpyUrO\nJvEzFdpOKr390nzuuTWtDMoucq40fAzX6V9HNh5FvpYDu5ygIV/g0Hu7eJDEHKX4\nikb/PTvdaI/NWjs/hT0hRTeCTzLahBmYpMMo354APFCeWwlfH+8JTZlS0+Ncs42W\nZIK/VOemtL/779NheEGfFaUTYlTNk9q8ZUDygc1TF6c23lPs5VQgjRG9RdzN2dM0\nTxl83guI0bhQnvobAO4V/xc7SttMvhxedk2rZ4CQS745jig3UwaL3OpyKRYgjdG0\nlTFHHpRnc2Y9aWYE+Io4+r/giK38Qgqpr3sT+holhzv0MhAq1gCL+hxTVbN1L0av\nHOtlc+hBKWAU7oJpRUTpm6dw3k2Rft/FIsfNWqIaYmftgi3p97Pg9adZQQs+b2Es\n0YP06oQFNk1DsBVc1YOXt2UCAwEAAQ==\n-----END PUBLIC KEY-----\n",
            "rsa_bits": 4096
          },
          "sensitive_attributes": []
        }
      ]
    }
  ],
  "check_results": null
}
